
Microsoft Visual Studio Solution File, Format Version 12.00
# Visual Studio Version 16
VisualStudioVersion = 16.0.30404.54
MinimumVisualStudioVersion = 16.0.30404.54
Project("{9A19103F-16F7-4668-BE54-9A1E7A4F7556}") = "Bootstrapper", "Bootstrapper\Bootstrapper.csproj", "{78384720-FE12-4607-8688-9BFC504FCDD8}"
EndProject
Project("{9A19103F-16F7-4668-BE54-9A1E7A4F7556}") = "Spadecs", "Spadecs\Spadecs.csproj", "{DA907096-53C4-4863-B237-E163DF90135F}"
EndProject
Project("{FAE04EC0-301F-11D3-BF4B-00C04F79EFBC}") = "CSharpScripten", "CSharpScripten\CSharpScripten.csproj", "{F41A8C1A-0FD5-4AE2-B390-92B76242788F}"
EndProject
Global
	GlobalSection(SolutionConfigurationPlatforms) = preSolution
		Debug|Any CPU = Debug|Any CPU
		Release|Any CPU = Release|Any CPU
	EndGlobalSection
	GlobalSection(ProjectConfigurationPlatforms) = postSolution
		{78384720-FE12-4607-8688-9BFC504FCDD8}.Debug|Any CPU.ActiveCfg = Debug|Any CPU
		{78384720-FE12-4607-8688-9BFC504FCDD8}.Debug|Any CPU.Build.0 = Debug|Any CPU
		{78384720-FE12-4607-8688-9BFC504FCDD8}.Release|Any CPU.ActiveCfg = Release|Any CPU
		{78384720-FE12-4607-8688-9BFC504FCDD8}.Release|Any CPU.Build.0 = Release|Any CPU
		{DA907096-53C4-4863-B237-E163DF90135F}.Debug|Any CPU.ActiveCfg = Debug|Any CPU
		{DA907096-53C4-4863-B237-E163DF90135F}.Debug|Any CPU.Build.0 = Debug|Any CPU
		{DA907096-53C4-4863-B237-E163DF90135F}.Release|Any CPU.ActiveCfg = Release|Any CPU
		{DA907096-53C4-4863-B237-E163DF90135F}.Release|Any CPU.Build.0 = Release|Any CPU
		{F41A8C1A-0FD5-4AE2-B390-92B76242788F}.Debug|Any CPU.ActiveCfg = Debug|Any CPU
		{F41A8C1A-0FD5-4AE2-B390-92B76242788F}.Debug|Any CPU.Build.0 = Debug|Any CPU
		{F41A8C1A-0FD5-4AE2-B390-92B76242788F}.Release|Any CPU.ActiveCfg = Release|Any CPU
		{F41A8C1A-0FD5-4AE2-B390-92B76242788F}.Release|Any CPU.Build.0 = Release|Any CPU
	EndGlobalSection
	GlobalSection(SolutionProperties) = preSolution
		HideSolutionNode = FALSE
	EndGlobalSection
	GlobalSection(ExtensibilityGlobals) = postSolution
		SolutionGuid = {4B00FF0A-7AE3-450B-9E9F-AC1AAAF893A3}
	EndGlobalSection
EndGlobal
